
Microsoft Visual Studio Solution File, Format Version 12.00
# Visual Studio Version 16
VisualStudioVersion = 16.0.30011.22
MinimumVisualStudioVersion = 10.0.40219.1
Project("{FAE04EC0-301F-11D3-BF4B-00C04F79EFBC}") = "Calculator", "Calculator.csproj", "{E742702A-D110-4406-ADFC-B23314DD7F6F}"
EndProject
Global
	GlobalSection(SolutionConfigurationPlatforms) = preSolution
		Debug|Any CPU = Debug|Any CPU
		Release|Any CPU = Release|Any CPU
	EndGlobalSection
	GlobalSection(ProjectConfigurationPlatforms) = postSolution
		{E742702A-D110-4406-ADFC-B23314DD7F6F}.Debug|Any CPU.ActiveCfg = Debug|Any CPU
		{E742702A-D110-4406-ADFC-B23314DD7F6F}.Debug|Any CPU.Build.0 = Debug|Any CPU
		{E742702A-D110-4406-ADFC-B23314DD7F6F}.Release|Any CPU.ActiveCfg = Release|Any CPU
		{E742702A-D110-4406-ADFC-B23314DD7F6F}.Release|Any CPU.Build.0 = Release|Any CPU
	EndGlobalSection
	GlobalSection(SolutionProperties) = preSolution
		HideSolutionNode = FALSE
	EndGlobalSection
	GlobalSection(ExtensibilityGlobals) = postSolution
		SolutionGuid = {ECC412A3-1BE4-4BC7-A00B-6D6C21EA8231}
	EndGlobalSection
EndGlobal
